
Microsoft Visual Studio Solution File, Format Version 12.00
# Visual Studio Version 17
VisualStudioVersion = 17.0.31903.59
MinimumVisualStudioVersion = 10.0.40219.1
Project("{FAE04EC0-301F-11D3-BF4B-00C04F79EFBC}") = "u1_merhaba", "u1_merhaba\u1_merhaba.csproj", "{170FD156-31D9-44BE-9866-2ED1324652C8}"
EndProject
Project("{FAE04EC0-301F-11D3-BF4B-00C04F79EFBC}") = "u2_degiskenler", "u2_degiskenler\u2_degiskenler.csproj", "{90AD658F-4BA0-4761-B826-6C625E55F3FE}"
EndProject
Global
	GlobalSection(SolutionConfigurationPlatforms) = preSolution
		Debug|Any CPU = Debug|Any CPU
		Release|Any CPU = Release|Any CPU
	EndGlobalSection
	GlobalSection(SolutionProperties) = preSolution
		HideSolutionNode = FALSE
	EndGlobalSection
	GlobalSection(ProjectConfigurationPlatforms) = postSolution
		{170FD156-31D9-44BE-9866-2ED1324652C8}.Debug|Any CPU.ActiveCfg = Debug|Any CPU
		{170FD156-31D9-44BE-9866-2ED1324652C8}.Debug|Any CPU.Build.0 = Debug|Any CPU
		{170FD156-31D9-44BE-9866-2ED1324652C8}.Release|Any CPU.ActiveCfg = Release|Any CPU
		{170FD156-31D9-44BE-9866-2ED1324652C8}.Release|Any CPU.Build.0 = Release|Any CPU
		{90AD658F-4BA0-4761-B826-6C625E55F3FE}.Debug|Any CPU.ActiveCfg = Debug|Any CPU
		{90AD658F-4BA0-4761-B826-6C625E55F3FE}.Debug|Any CPU.Build.0 = Debug|Any CPU
		{90AD658F-4BA0-4761-B826-6C625E55F3FE}.Release|Any CPU.ActiveCfg = Release|Any CPU
		{90AD658F-4BA0-4761-B826-6C625E55F3FE}.Release|Any CPU.Build.0 = Release|Any CPU
	EndGlobalSection
EndGlobal
