
Microsoft Visual Studio Solution File, Format Version 12.00
# Visual Studio Version 17
VisualStudioVersion = 17.0.31903.59
MinimumVisualStudioVersion = 10.0.40219.1
Project("{FAE04EC0-301F-11D3-BF4B-00C04F79EFBC}") = "u1_merhaba", "u1_merhaba\u1_merhaba.csproj", "{170FD156-31D9-44BE-9866-2ED1324652C8}"
EndProject
Project("{FAE04EC0-301F-11D3-BF4B-00C04F79EFBC}") = "u2_degiskenler", "u2_degiskenler\u2_degiskenler.csproj", "{90AD658F-4BA0-4761-B826-6C625E55F3FE}"
EndProject
Project("{FAE04EC0-301F-11D3-BF4B-00C04F79EFBC}") = "u3_klavyedenokuma", "u3_klavyedenokuma\u3_klavyedenokuma.csproj", "{56999026-36C3-4150-9FFF-42509B57EA8E}"
EndProject
Project("{FAE04EC0-301F-11D3-BF4B-00C04F79EFBC}") = "u4_ikisayiyitopla", "u4_ikisayiyitopla\u4_ikisayiyitopla.csproj", "{D5222B25-BAAD-4A0B-AE9E-F2AFE7355169}"
EndProject
Project("{FAE04EC0-301F-11D3-BF4B-00C04F79EFBC}") = "u5_metinbirlestirme", "u5_metinbirlestirme\u5_metinbirlestirme.csproj", "{4B38FCE5-6B83-45F5-B641-560FF051E126}"
EndProject
Project("{FAE04EC0-301F-11D3-BF4B-00C04F79EFBC}") = "u6_alan_ve_cevre", "u6_alan_ve_cevre\u6_alan_ve_cevre.csproj", "{39DB7031-FB42-4B6E-B5D7-F51BCE32C12B}"
EndProject
Project("{FAE04EC0-301F-11D3-BF4B-00C04F79EFBC}") = "u7_not_ortalama", "u7_not_ortalama\u7_not_ortalama.csproj", "{66A195B7-10FE-4B6E-89E4-3CDDBDD5C81B}"
EndProject
Project("{FAE04EC0-301F-11D3-BF4B-00C04F79EFBC}") = "u8_operatorler", "u8_operatorler\u8_operatorler.csproj", "{44AA61F8-68A6-469D-8880-A74111675D2A}"
EndProject
Project("{FAE04EC0-301F-11D3-BF4B-00C04F79EFBC}") = "u9_tekrar", "u9_tekrar\u9_tekrar.csproj", "{BE9D4BD7-0303-4950-8F0C-B5E51404D798}"
EndProject
Project("{FAE04EC0-301F-11D3-BF4B-00C04F79EFBC}") = "u10_kosullu_ifadeler", "u10_kosullu_ifadeler\u10_kosullu_ifadeler.csproj", "{F9204F0B-A096-4B6E-AF6D-BD5C2D02B10D}"
EndProject
Project("{FAE04EC0-301F-11D3-BF4B-00C04F79EFBC}") = "u11_buyuk_kucuk_bul", "u11_buyuk_kucuk_bul\u11_buyuk_kucuk_bul.csproj", "{D47BAE84-AA9C-41C8-B6DC-C02690BF00F0}"
EndProject
Project("{FAE04EC0-301F-11D3-BF4B-00C04F79EFBC}") = "u12_not_ortalamasi", "u12_not_ortalamasi\u12_not_ortalamasi.csproj", "{97C55F3F-9AEA-4183-9D48-73EF6F2B52ED}"
EndProject
Project("{FAE04EC0-301F-11D3-BF4B-00C04F79EFBC}") = "u13_askerlik_durumu", "u13_askerlik_durumu\u13_askerlik_durumu.csproj", "{63EA7CCF-C3E7-45CD-996F-324392CCFF62}"
EndProject
Project("{FAE04EC0-301F-11D3-BF4B-00C04F79EFBC}") = "u14_switch_ile_gunler", "u14_switch_ile_gunler\u14_switch_ile_gunler.csproj", "{D15235C7-203D-4D50-A85D-77DA7024FAD4}"
EndProject
Project("{FAE04EC0-301F-11D3-BF4B-00C04F79EFBC}") = "u15_switch_ile_secim", "u15_switch_ile_secim\u15_switch_ile_secim.csproj", "{0193993D-2B55-4918-9654-AF09198189EE}"
EndProject
Project("{FAE04EC0-301F-11D3-BF4B-00C04F79EFBC}") = "u16_for_dongusu", "u16_for_dongusu\u16_for_dongusu.csproj", "{9B3B73CD-0432-41B3-B9BE-40E1F3AAF8E8}"
EndProject
Project("{FAE04EC0-301F-11D3-BF4B-00C04F79EFBC}") = "u17_yasini_adi_kadar_yaz", "u17_yasini_adi_kadar_yaz\u17_yasini_adi_kadar_yaz.csproj", "{1267A59E-F402-458F-B32F-ABF21C4804DF}"
EndProject
Project("{FAE04EC0-301F-11D3-BF4B-00C04F79EFBC}") = "u18_girilen5_sayilarin_ortalamasi", "u18_girilen5_sayilarin_ortalamasi\u18_girilen5_sayilarin_ortalamasi.csproj", "{7051C6B6-E047-4F52-B502-49A4811DE619}"
EndProject
Project("{FAE04EC0-301F-11D3-BF4B-00C04F79EFBC}") = "u19_enkucuk_enbuyuk", "u19_enkucuk_enbuyuk\u19_enkucuk_enbuyuk.csproj", "{0A1F3E3F-7B69-4E2E-B986-1882C47C876C}"
EndProject
Global
	GlobalSection(SolutionConfigurationPlatforms) = preSolution
		Debug|Any CPU = Debug|Any CPU
		Release|Any CPU = Release|Any CPU
	EndGlobalSection
	GlobalSection(SolutionProperties) = preSolution
		HideSolutionNode = FALSE
	EndGlobalSection
	GlobalSection(ProjectConfigurationPlatforms) = postSolution
		{170FD156-31D9-44BE-9866-2ED1324652C8}.Debug|Any CPU.ActiveCfg = Debug|Any CPU
		{170FD156-31D9-44BE-9866-2ED1324652C8}.Debug|Any CPU.Build.0 = Debug|Any CPU
		{170FD156-31D9-44BE-9866-2ED1324652C8}.Release|Any CPU.ActiveCfg = Release|Any CPU
		{170FD156-31D9-44BE-9866-2ED1324652C8}.Release|Any CPU.Build.0 = Release|Any CPU
		{90AD658F-4BA0-4761-B826-6C625E55F3FE}.Debug|Any CPU.ActiveCfg = Debug|Any CPU
		{90AD658F-4BA0-4761-B826-6C625E55F3FE}.Debug|Any CPU.Build.0 = Debug|Any CPU
		{90AD658F-4BA0-4761-B826-6C625E55F3FE}.Release|Any CPU.ActiveCfg = Release|Any CPU
		{90AD658F-4BA0-4761-B826-6C625E55F3FE}.Release|Any CPU.Build.0 = Release|Any CPU
		{56999026-36C3-4150-9FFF-42509B57EA8E}.Debug|Any CPU.ActiveCfg = Debug|Any CPU
		{56999026-36C3-4150-9FFF-42509B57EA8E}.Debug|Any CPU.Build.0 = Debug|Any CPU
		{56999026-36C3-4150-9FFF-42509B57EA8E}.Release|Any CPU.ActiveCfg = Release|Any CPU
		{56999026-36C3-4150-9FFF-42509B57EA8E}.Release|Any CPU.Build.0 = Release|Any CPU
		{D5222B25-BAAD-4A0B-AE9E-F2AFE7355169}.Debug|Any CPU.ActiveCfg = Debug|Any CPU
		{D5222B25-BAAD-4A0B-AE9E-F2AFE7355169}.Debug|Any CPU.Build.0 = Debug|Any CPU
		{D5222B25-BAAD-4A0B-AE9E-F2AFE7355169}.Release|Any CPU.ActiveCfg = Release|Any CPU
		{D5222B25-BAAD-4A0B-AE9E-F2AFE7355169}.Release|Any CPU.Build.0 = Release|Any CPU
		{4B38FCE5-6B83-45F5-B641-560FF051E126}.Debug|Any CPU.ActiveCfg = Debug|Any CPU
		{4B38FCE5-6B83-45F5-B641-560FF051E126}.Debug|Any CPU.Build.0 = Debug|Any CPU
		{4B38FCE5-6B83-45F5-B641-560FF051E126}.Release|Any CPU.ActiveCfg = Release|Any CPU
		{4B38FCE5-6B83-45F5-B641-560FF051E126}.Release|Any CPU.Build.0 = Release|Any CPU
		{39DB7031-FB42-4B6E-B5D7-F51BCE32C12B}.Debug|Any CPU.ActiveCfg = Debug|Any CPU
		{39DB7031-FB42-4B6E-B5D7-F51BCE32C12B}.Debug|Any CPU.Build.0 = Debug|Any CPU
		{39DB7031-FB42-4B6E-B5D7-F51BCE32C12B}.Release|Any CPU.ActiveCfg = Release|Any CPU
		{39DB7031-FB42-4B6E-B5D7-F51BCE32C12B}.Release|Any CPU.Build.0 = Release|Any CPU
		{66A195B7-10FE-4B6E-89E4-3CDDBDD5C81B}.Debug|Any CPU.ActiveCfg = Debug|Any CPU
		{66A195B7-10FE-4B6E-89E4-3CDDBDD5C81B}.Debug|Any CPU.Build.0 = Debug|Any CPU
		{66A195B7-10FE-4B6E-89E4-3CDDBDD5C81B}.Release|Any CPU.ActiveCfg = Release|Any CPU
		{66A195B7-10FE-4B6E-89E4-3CDDBDD5C81B}.Release|Any CPU.Build.0 = Release|Any CPU
		{44AA61F8-68A6-469D-8880-A74111675D2A}.Debug|Any CPU.ActiveCfg = Debug|Any CPU
		{44AA61F8-68A6-469D-8880-A74111675D2A}.Debug|Any CPU.Build.0 = Debug|Any CPU
		{44AA61F8-68A6-469D-8880-A74111675D2A}.Release|Any CPU.ActiveCfg = Release|Any CPU
		{44AA61F8-68A6-469D-8880-A74111675D2A}.Release|Any CPU.Build.0 = Release|Any CPU
		{BE9D4BD7-0303-4950-8F0C-B5E51404D798}.Debug|Any CPU.ActiveCfg = Debug|Any CPU
		{BE9D4BD7-0303-4950-8F0C-B5E51404D798}.Debug|Any CPU.Build.0 = Debug|Any CPU
		{BE9D4BD7-0303-4950-8F0C-B5E51404D798}.Release|Any CPU.ActiveCfg = Release|Any CPU
		{BE9D4BD7-0303-4950-8F0C-B5E51404D798}.Release|Any CPU.Build.0 = Release|Any CPU
		{F9204F0B-A096-4B6E-AF6D-BD5C2D02B10D}.Debug|Any CPU.ActiveCfg = Debug|Any CPU
		{F9204F0B-A096-4B6E-AF6D-BD5C2D02B10D}.Debug|Any CPU.Build.0 = Debug|Any CPU
		{F9204F0B-A096-4B6E-AF6D-BD5C2D02B10D}.Release|Any CPU.ActiveCfg = Release|Any CPU
		{F9204F0B-A096-4B6E-AF6D-BD5C2D02B10D}.Release|Any CPU.Build.0 = Release|Any CPU
		{D47BAE84-AA9C-41C8-B6DC-C02690BF00F0}.Debug|Any CPU.ActiveCfg = Debug|Any CPU
		{D47BAE84-AA9C-41C8-B6DC-C02690BF00F0}.Debug|Any CPU.Build.0 = Debug|Any CPU
		{D47BAE84-AA9C-41C8-B6DC-C02690BF00F0}.Release|Any CPU.ActiveCfg = Release|Any CPU
		{D47BAE84-AA9C-41C8-B6DC-C02690BF00F0}.Release|Any CPU.Build.0 = Release|Any CPU
		{97C55F3F-9AEA-4183-9D48-73EF6F2B52ED}.Debug|Any CPU.ActiveCfg = Debug|Any CPU
		{97C55F3F-9AEA-4183-9D48-73EF6F2B52ED}.Debug|Any CPU.Build.0 = Debug|Any CPU
		{97C55F3F-9AEA-4183-9D48-73EF6F2B52ED}.Release|Any CPU.ActiveCfg = Release|Any CPU
		{97C55F3F-9AEA-4183-9D48-73EF6F2B52ED}.Release|Any CPU.Build.0 = Release|Any CPU
		{63EA7CCF-C3E7-45CD-996F-324392CCFF62}.Debug|Any CPU.ActiveCfg = Debug|Any CPU
		{63EA7CCF-C3E7-45CD-996F-324392CCFF62}.Debug|Any CPU.Build.0 = Debug|Any CPU
		{63EA7CCF-C3E7-45CD-996F-324392CCFF62}.Release|Any CPU.ActiveCfg = Release|Any CPU
		{63EA7CCF-C3E7-45CD-996F-324392CCFF62}.Release|Any CPU.Build.0 = Release|Any CPU
		{D15235C7-203D-4D50-A85D-77DA7024FAD4}.Debug|Any CPU.ActiveCfg = Debug|Any CPU
		{D15235C7-203D-4D50-A85D-77DA7024FAD4}.Debug|Any CPU.Build.0 = Debug|Any CPU
		{D15235C7-203D-4D50-A85D-77DA7024FAD4}.Release|Any CPU.ActiveCfg = Release|Any CPU
		{D15235C7-203D-4D50-A85D-77DA7024FAD4}.Release|Any CPU.Build.0 = Release|Any CPU
		{0193993D-2B55-4918-9654-AF09198189EE}.Debug|Any CPU.ActiveCfg = Debug|Any CPU
		{0193993D-2B55-4918-9654-AF09198189EE}.Debug|Any CPU.Build.0 = Debug|Any CPU
		{0193993D-2B55-4918-9654-AF09198189EE}.Release|Any CPU.ActiveCfg = Release|Any CPU
		{0193993D-2B55-4918-9654-AF09198189EE}.Release|Any CPU.Build.0 = Release|Any CPU
		{9B3B73CD-0432-41B3-B9BE-40E1F3AAF8E8}.Debug|Any CPU.ActiveCfg = Debug|Any CPU
		{9B3B73CD-0432-41B3-B9BE-40E1F3AAF8E8}.Debug|Any CPU.Build.0 = Debug|Any CPU
		{9B3B73CD-0432-41B3-B9BE-40E1F3AAF8E8}.Release|Any CPU.ActiveCfg = Release|Any CPU
		{9B3B73CD-0432-41B3-B9BE-40E1F3AAF8E8}.Release|Any CPU.Build.0 = Release|Any CPU
		{1267A59E-F402-458F-B32F-ABF21C4804DF}.Debug|Any CPU.ActiveCfg = Debug|Any CPU
		{1267A59E-F402-458F-B32F-ABF21C4804DF}.Debug|Any CPU.Build.0 = Debug|Any CPU
		{1267A59E-F402-458F-B32F-ABF21C4804DF}.Release|Any CPU.ActiveCfg = Release|Any CPU
		{1267A59E-F402-458F-B32F-ABF21C4804DF}.Release|Any CPU.Build.0 = Release|Any CPU
		{7051C6B6-E047-4F52-B502-49A4811DE619}.Debug|Any CPU.ActiveCfg = Debug|Any CPU
		{7051C6B6-E047-4F52-B502-49A4811DE619}.Debug|Any CPU.Build.0 = Debug|Any CPU
		{7051C6B6-E047-4F52-B502-49A4811DE619}.Release|Any CPU.ActiveCfg = Release|Any CPU
		{7051C6B6-E047-4F52-B502-49A4811DE619}.Release|Any CPU.Build.0 = Release|Any CPU
		{0A1F3E3F-7B69-4E2E-B986-1882C47C876C}.Debug|Any CPU.ActiveCfg = Debug|Any CPU
		{0A1F3E3F-7B69-4E2E-B986-1882C47C876C}.Debug|Any CPU.Build.0 = Debug|Any CPU
		{0A1F3E3F-7B69-4E2E-B986-1882C47C876C}.Release|Any CPU.ActiveCfg = Release|Any CPU
		{0A1F3E3F-7B69-4E2E-B986-1882C47C876C}.Release|Any CPU.Build.0 = Release|Any CPU
	EndGlobalSection
EndGlobal
